{
  "originHash" : "d981cc20e880890ee21b561ec2aed6b497cbdc490188270dc1ee5026c134da98",
  "pins" : [
    {
      "identity" : "associatedobject",
      "kind" : "remoteSourceControl",
      "location" : "https://github.com/p-x9/AssociatedObject",
      "state" : {
        "revision" : "9454715a21dfb346bf5d467da4e19b70a7f4ba87",
        "version" : "0.14.0"
      }
    },
    {
      "identity" : "frameworktoolbox",
      "kind" : "remoteSourceControl",
      "location" : "https://github.com/Mx-Iris/FrameworkToolbox",
      "state" : {
        "revision" : "fdf527ec843ff56e19f807ff4675e48699227a7f",
        "version" : "0.4.0"
      }
    },
    {
      "identity" : "swift-literal-type-inference",
      "kind" : "remoteSourceControl",
      "location" : "https://github.com/p-x9/swift-literal-type-inference.git",
      "state" : {
        "revision" : "898d4a8c5920a3a47d70a43e76d708697e14cd72",
        "version" : "0.5.0"
      }
    },
    {
      "identity" : "swift-object-association",
      "kind" : "remoteSourceControl",
      "location" : "https://github.com/p-x9/swift-object-association.git",
      "state" : {
        "revision" : "93806cfecae1f198c894ed5585b93aff0e2d1f5a",
        "version" : "0.5.0"
      }
    },
    {
      "identity" : "swift-syntax",
      "kind" : "remoteSourceControl",
      "location" : "https://github.com/swiftlang/swift-syntax.git",
      "state" : {
        "revision" : "f99ae8aa18f0cf0d53481901f88a0991dc3bd4a2",
        "version" : "601.0.1"
      }
    }
  ],
  "version" : 3
}
