{
  "originHash" : "d22418c74067a4e848d2386362a1918ab7a0969af374010685b3fd281f8bf8a4",
  "pins" : [
    {
      "identity" : "associatedobject",
      "kind" : "remoteSourceControl",
      "location" : "https://github.com/p-x9/AssociatedObject",
      "state" : {
        "revision" : "f358e1ccf6761b9d1d53136022a65c601cdc4da3",
        "version" : "0.15.0"
      }
    },
    {
      "identity" : "frameworktoolbox",
      "kind" : "remoteSourceControl",
      "location" : "https://github.com/Mx-Iris/FrameworkToolbox",
      "state" : {
        "revision" : "4ab712e98990bb3a44a5ef160bd0b0c3f03ace08",
        "version" : "0.5.5"
      }
    },
    {
      "identity" : "swift-literal-type-inference",
      "kind" : "remoteSourceControl",
      "location" : "https://github.com/p-x9/swift-literal-type-inference.git",
      "state" : {
        "revision" : "a67dc0c90511f0b036de8ee51ecba9243d1a5ec0",
        "version" : "0.6.0"
      }
    },
    {
      "identity" : "swift-object-association",
      "kind" : "remoteSourceControl",
      "location" : "https://github.com/p-x9/swift-object-association.git",
      "state" : {
        "revision" : "93806cfecae1f198c894ed5585b93aff0e2d1f5a",
        "version" : "0.5.0"
      }
    },
    {
      "identity" : "swift-syntax",
      "kind" : "remoteSourceControl",
      "location" : "https://github.com/swiftlang/swift-syntax.git",
      "state" : {
        "revision" : "9de99a78f099e59caf2b2beec65a4c45d54b2081",
        "version" : "603.0.1"
      }
    }
  ],
  "version" : 3
}
