{
  "originHash" : "26f05f984490652f4539adb2c34d68584c73b02a89ed6318474081a7129cd633",
  "pins" : [
    {
      "identity" : "appkitplus-release",
      "kind" : "remoteSourceControl",
      "location" : "https://github.com/AppKitSupportProgram/AppKitPlus-Release",
      "state" : {
        "revision" : "519891773628dff3673143744dc72c7a9afdd36e",
        "version" : "0.4.4"
      }
    },
    {
      "identity" : "associatedobject",
      "kind" : "remoteSourceControl",
      "location" : "https://github.com/p-x9/AssociatedObject",
      "state" : {
        "revision" : "f358e1ccf6761b9d1d53136022a65c601cdc4da3",
        "version" : "0.15.0"
      }
    },
    {
      "identity" : "frameworktoolbox",
      "kind" : "remoteSourceControl",
      "location" : "https://github.com/Mx-Iris/FrameworkToolbox",
      "state" : {
        "revision" : "e1df053744e08d4fbed77d404a8e05276806ff2f",
        "version" : "0.13.0"
      }
    },
    {
      "identity" : "swift-literal-type-inference",
      "kind" : "remoteSourceControl",
      "location" : "https://github.com/p-x9/swift-literal-type-inference.git",
      "state" : {
        "revision" : "a67dc0c90511f0b036de8ee51ecba9243d1a5ec0",
        "version" : "0.6.0"
      }
    },
    {
      "identity" : "swift-object-association",
      "kind" : "remoteSourceControl",
      "location" : "https://github.com/p-x9/swift-object-association.git",
      "state" : {
        "revision" : "93806cfecae1f198c894ed5585b93aff0e2d1f5a",
        "version" : "0.5.0"
      }
    },
    {
      "identity" : "swift-syntax",
      "kind" : "remoteSourceControl",
      "location" : "https://github.com/swiftlang/swift-syntax.git",
      "state" : {
        "revision" : "4799286537280063c85a32f09884cfbca301b1a1",
        "version" : "602.0.0"
      }
    },
    {
      "identity" : "swift-tree-sitter",
      "kind" : "remoteSourceControl",
      "location" : "https://github.com/tree-sitter/swift-tree-sitter",
      "state" : {
        "revision" : "08ef81eb8620617b55b08868126707ad72bf754f",
        "version" : "0.25.0"
      }
    },
    {
      "identity" : "tree-sitter",
      "kind" : "remoteSourceControl",
      "location" : "https://github.com/tree-sitter/tree-sitter",
      "state" : {
        "revision" : "da6fe9beb4f7f67beb75914ca8e0d48ae48d6406",
        "version" : "0.25.10"
      }
    },
    {
      "identity" : "tree-sitter-swift",
      "kind" : "remoteSourceControl",
      "location" : "https://github.com/alex-pinkus/tree-sitter-swift",
      "state" : {
        "branch" : "with-generated-files",
        "revision" : "31d17fe7e818a2048c808b5c6fdc2dc792f4f5b5"
      }
    }
  ],
  "version" : 3
}
